// !$*UTF8*$!
{
	archiveVersion = 1;
	classes = {
	};
	objectVersion = 56;
	objects = {

/* Begin PBXBuildFile section */
		B82FC9F92935FEAD00997CE4 /* ASOSuite.swift in Sources */ = {isa = PBXBuildFile; fileRef = B82FC9F82935FEAD00997CE4 /* ASOSuite.swift */; };
		B82FC9FD2935FEB000997CE4 /* Assets.xcassets in Resources */ = {isa = PBXBuildFile; fileRef = B82FC9FC2935FEB000997CE4 /* Assets.xcassets */; };
		B82FCA002935FEB000997CE4 /* Preview Assets.xcassets in Resources */ = {isa = PBXBuildFile; fileRef = B82FC9FF2935FEB000997CE4 /* Preview Assets.xcassets */; };
		B842B79029361D52005655D5 /* KeywordsView.swift in Sources */ = {isa = PBXBuildFile; fileRef = B842B78E29361D52005655D5 /* KeywordsView.swift */; };
		B842B79329363589005655D5 /* KeywordView.swift in Sources */ = {isa = PBXBuildFile; fileRef = B842B79229363589005655D5 /* KeywordView.swift */; };
		B8D9E729293650E800334663 /* KeywordsViewModel.swift in Sources */ = {isa = PBXBuildFile; fileRef = B8D9E728293650E800334663 /* KeywordsViewModel.swift */; };
		B8D9E72D2936519B00334663 /* ASOSuiteShared in Frameworks */ = {isa = PBXBuildFile; productRef = B8D9E72C2936519B00334663 /* ASOSuiteShared */; };
/* End PBXBuildFile section */

/* Begin PBXFileReference section */
		B82FC9F52935FEAD00997CE4 /* ASO Suite.app */ = {isa = PBXFileReference; explicitFileType = wrapper.application; includeInIndex = 0; path = "ASO Suite.app"; sourceTree = BUILT_PRODUCTS_DIR; };
		B82FC9F82935FEAD00997CE4 /* ASOSuite.swift */ = {isa = PBXFileReference; lastKnownFileType = sourcecode.swift; path = ASOSuite.swift; sourceTree = "<group>"; };
		B82FC9FC2935FEB000997CE4 /* Assets.xcassets */ = {isa = PBXFileReference; lastKnownFileType = folder.assetcatalog; path = Assets.xcassets; sourceTree = "<group>"; };
		B82FC9FF2935FEB000997CE4 /* Preview Assets.xcassets */ = {isa = PBXFileReference; lastKnownFileType = folder.assetcatalog; path = "Preview Assets.xcassets"; sourceTree = "<group>"; };
		B842B78A29361AAB005655D5 /* asosuite-shared */ = {isa = PBXFileReference; lastKnownFileType = wrapper; path = "asosuite-shared"; sourceTree = "<group>"; };
		B842B78E29361D52005655D5 /* KeywordsView.swift */ = {isa = PBXFileReference; fileEncoding = 4; lastKnownFileType = sourcecode.swift; path = KeywordsView.swift; sourceTree = "<group>"; };
		B842B79229363589005655D5 /* KeywordView.swift */ = {isa = PBXFileReference; lastKnownFileType = sourcecode.swift; path = KeywordView.swift; sourceTree = "<group>"; };
		B8D9E728293650E800334663 /* KeywordsViewModel.swift */ = {isa = PBXFileReference; lastKnownFileType = sourcecode.swift; path = KeywordsViewModel.swift; sourceTree = "<group>"; };
/* End PBXFileReference section */

/* Begin PBXFrameworksBuildPhase section */
		B82FC9F22935FEAD00997CE4 /* Frameworks */ = {
			isa = PBXFrameworksBuildPhase;
			buildActionMask = 2147483647;
			files = (
				B8D9E72D2936519B00334663 /* ASOSuiteShared in Frameworks */,
			);
			runOnlyForDeploymentPostprocessing = 0;
		};
/* End PBXFrameworksBuildPhase section */

/* Begin PBXGroup section */
		B82FC9EC2935FEAD00997CE4 = {
			isa = PBXGroup;
			children = (
				B82FC9F72935FEAD00997CE4 /* ASO Suite (iOS) */,
				B842B78929361AAB005655D5 /* Packages */,
				B82FC9F62935FEAD00997CE4 /* Products */,
				B842B78629361898005655D5 /* Frameworks */,
			);
			sourceTree = "<group>";
		};
		B82FC9F62935FEAD00997CE4 /* Products */ = {
			isa = PBXGroup;
			children = (
				B82FC9F52935FEAD00997CE4 /* ASO Suite.app */,
			);
			name = Products;
			sourceTree = "<group>";
		};
		B82FC9F72935FEAD00997CE4 /* ASO Suite (iOS) */ = {
			isa = PBXGroup;
			children = (
				B82FC9F82935FEAD00997CE4 /* ASOSuite.swift */,
				B842B78D29361D52005655D5 /* Views */,
				B8D9E727293650CC00334663 /* ViewModels */,
				B82FC9FC2935FEB000997CE4 /* Assets.xcassets */,
				B82FC9FE2935FEB000997CE4 /* Preview Content */,
			);
			path = "ASO Suite (iOS)";
			sourceTree = "<group>";
		};
		B82FC9FE2935FEB000997CE4 /* Preview Content */ = {
			isa = PBXGroup;
			children = (
				B82FC9FF2935FEB000997CE4 /* Preview Assets.xcassets */,
			);
			path = "Preview Content";
			sourceTree = "<group>";
		};
		B842B78629361898005655D5 /* Frameworks */ = {
			isa = PBXGroup;
			children = (
			);
			name = Frameworks;
			sourceTree = "<group>";
		};
		B842B78929361AAB005655D5 /* Packages */ = {
			isa = PBXGroup;
			children = (
				B842B78A29361AAB005655D5 /* asosuite-shared */,
			);
			name = Packages;
			sourceTree = "<group>";
		};
		B842B78D29361D52005655D5 /* Views */ = {
			isa = PBXGroup;
			children = (
				B842B78E29361D52005655D5 /* KeywordsView.swift */,
				B842B79229363589005655D5 /* KeywordView.swift */,
			);
			path = Views;
			sourceTree = "<group>";
		};
		B8D9E727293650CC00334663 /* ViewModels */ = {
			isa = PBXGroup;
			children = (
				B8D9E728293650E800334663 /* KeywordsViewModel.swift */,
			);
			path = ViewModels;
			sourceTree = "<group>";
		};
/* End PBXGroup section */

/* Begin PBXNativeTarget section */
		B82FC9F42935FEAD00997CE4 /* ASO Suite (iOS) */ = {
			isa = PBXNativeTarget;
			buildConfigurationList = B82FCA032935FEB000997CE4 /* Build configuration list for PBXNativeTarget "ASO Suite (iOS)" */;
			buildPhases = (
				B82FC9F12935FEAD00997CE4 /* Sources */,
				B82FC9F22935FEAD00997CE4 /* Frameworks */,
				B82FC9F32935FEAD00997CE4 /* Resources */,
			);
			buildRules = (
			);
			dependencies = (
			);
			name = "ASO Suite (iOS)";
			packageProductDependencies = (
				B8D9E72C2936519B00334663 /* ASOSuiteShared */,
			);
			productName = "ASO Suite (iOS)";
			productReference = B82FC9F52935FEAD00997CE4 /* ASO Suite.app */;
			productType = "com.apple.product-type.application";
		};
/* End PBXNativeTarget section */

/* Begin PBXProject section */
		B82FC9ED2935FEAD00997CE4 /* Project object */ = {
			isa = PBXProject;
			attributes = {
				BuildIndependentTargetsInParallel = 1;
				LastSwiftUpdateCheck = 1410;
				LastUpgradeCheck = 1410;
				TargetAttributes = {
					B82FC9F42935FEAD00997CE4 = {
						CreatedOnToolsVersion = 14.1;
					};
				};
			};
			buildConfigurationList = B82FC9F02935FEAD00997CE4 /* Build configuration list for PBXProject "ASO Suite (iOS)" */;
			compatibilityVersion = "Xcode 14.0";
			developmentRegion = en;
			hasScannedForEncodings = 0;
			knownRegions = (
				en,
				Base,
			);
			mainGroup = B82FC9EC2935FEAD00997CE4;
			productRefGroup = B82FC9F62935FEAD00997CE4 /* Products */;
			projectDirPath = "";
			projectRoot = "";
			targets = (
				B82FC9F42935FEAD00997CE4 /* ASO Suite (iOS) */,
			);
		};
/* End PBXProject section */

/* Begin PBXResourcesBuildPhase section */
		B82FC9F32935FEAD00997CE4 /* Resources */ = {
			isa = PBXResourcesBuildPhase;
			buildActionMask = 2147483647;
			files = (
				B82FCA002935FEB000997CE4 /* Preview Assets.xcassets in Resources */,
				B82FC9FD2935FEB000997CE4 /* Assets.xcassets in Resources */,
			);
			runOnlyForDeploymentPostprocessing = 0;
		};
/* End PBXResourcesBuildPhase section */

/* Begin PBXSourcesBuildPhase section */
		B82FC9F12935FEAD00997CE4 /* Sources */ = {
			isa = PBXSourcesBuildPhase;
			buildActionMask = 2147483647;
			files = (
				B842B79329363589005655D5 /* KeywordView.swift in Sources */,
				B842B79029361D52005655D5 /* KeywordsView.swift in Sources */,
				B8D9E729293650E800334663 /* KeywordsViewModel.swift in Sources */,
				B82FC9F92935FEAD00997CE4 /* ASOSuite.swift in Sources */,
			);
			runOnlyForDeploymentPostprocessing = 0;
		};
/* End PBXSourcesBuildPhase section */

/* Begin XCBuildConfiguration section */
		B82FCA012935FEB000997CE4 /* Debug */ = {
			isa = XCBuildConfiguration;
			buildSettings = {
				ALWAYS_SEARCH_USER_PATHS = NO;
				CLANG_ANALYZER_NONNULL = YES;
				CLANG_ANALYZER_NUMBER_OBJECT_CONVERSION = YES_AGGRESSIVE;
				CLANG_CXX_LANGUAGE_STANDARD = "gnu++20";
				CLANG_ENABLE_MODULES = YES;
				CLANG_ENABLE_OBJC_ARC = YES;
				CLANG_ENABLE_OBJC_WEAK = YES;
				CLANG_WARN_BLOCK_CAPTURE_AUTORELEASING = YES;
				CLANG_WARN_BOOL_CONVERSION = YES;
				CLANG_WARN_COMMA = YES;
				CLANG_WARN_CONSTANT_CONVERSION = YES;
				CLANG_WARN_DEPRECATED_OBJC_IMPLEMENTATIONS = YES;
				CLANG_WARN_DIRECT_OBJC_ISA_USAGE = YES_ERROR;
				CLANG_WARN_DOCUMENTATION_COMMENTS = YES;
				CLANG_WARN_EMPTY_BODY = YES;
				CLANG_WARN_ENUM_CONVERSION = YES;
				CLANG_WARN_INFINITE_RECURSION = YES;
				CLANG_WARN_INT_CONVERSION = YES;
				CLANG_WARN_NON_LITERAL_NULL_CONVERSION = YES;
				CLANG_WARN_OBJC_IMPLICIT_RETAIN_SELF = YES;
				CLANG_WARN_OBJC_LITERAL_CONVERSION = YES;
				CLANG_WARN_OBJC_ROOT_CLASS = YES_ERROR;
				CLANG_WARN_QUOTED_INCLUDE_IN_FRAMEWORK_HEADER = YES;
				CLANG_WARN_RANGE_LOOP_ANALYSIS = YES;
				CLANG_WARN_STRICT_PROTOTYPES = YES;
				CLANG_WARN_SUSPICIOUS_MOVE = YES;
				CLANG_WARN_UNGUARDED_AVAILABILITY = YES_AGGRESSIVE;
				CLANG_WARN_UNREACHABLE_CODE = YES;
				CLANG_WARN__DUPLICATE_METHOD_MATCH = YES;
				COPY_PHASE_STRIP = NO;
				DEBUG_INFORMATION_FORMAT = dwarf;
				ENABLE_STRICT_OBJC_MSGSEND = YES;
				ENABLE_TESTABILITY = YES;
				GCC_C_LANGUAGE_STANDARD = gnu11;
				GCC_DYNAMIC_NO_PIC = NO;
				GCC_NO_COMMON_BLOCKS = YES;
				GCC_OPTIMIZATION_LEVEL = 0;
				GCC_PREPROCESSOR_DEFINITIONS = (
					"DEBUG=1",
					"$(inherited)",
				);
				GCC_WARN_64_TO_32_BIT_CONVERSION = YES;
				GCC_WARN_ABOUT_RETURN_TYPE = YES_ERROR;
				GCC_WARN_UNDECLARED_SELECTOR = YES;
				GCC_WARN_UNINITIALIZED_AUTOS = YES_AGGRESSIVE;
				GCC_WARN_UNUSED_FUNCTION = YES;
				GCC_WARN_UNUSED_VARIABLE = YES;
				IPHONEOS_DEPLOYMENT_TARGET = 16.1;
				MTL_ENABLE_DEBUG_INFO = INCLUDE_SOURCE;
				MTL_FAST_MATH = YES;
				ONLY_ACTIVE_ARCH = YES;
				SDKROOT = iphoneos;
				SWIFT_ACTIVE_COMPILATION_CONDITIONS = DEBUG;
				SWIFT_OPTIMIZATION_LEVEL = "-Onone";
			};
			name = Debug;
		};
		B82FCA022935FEB000997CE4 /* Release */ = {
			isa = XCBuildConfiguration;
			buildSettings = {
				ALWAYS_SEARCH_USER_PATHS = NO;
				CLANG_ANALYZER_NONNULL = YES;
				CLANG_ANALYZER_NUMBER_OBJECT_CONVERSION = YES_AGGRESSIVE;
				CLANG_CXX_LANGUAGE_STANDARD = "gnu++20";
				CLANG_ENABLE_MODULES = YES;
				CLANG_ENABLE_OBJC_ARC = YES;
				CLANG_ENABLE_OBJC_WEAK = YES;
				CLANG_WARN_BLOCK_CAPTURE_AUTORELEASING = YES;
				CLANG_WARN_BOOL_CONVERSION = YES;
				CLANG_WARN_COMMA = YES;
				CLANG_WARN_CONSTANT_CONVERSION = YES;
				CLANG_WARN_DEPRECATED_OBJC_IMPLEMENTATIONS = YES;
				CLANG_WARN_DIRECT_OBJC_ISA_USAGE = YES_ERROR;
				CLANG_WARN_DOCUMENTATION_COMMENTS = YES;
				CLANG_WARN_EMPTY_BODY = YES;
				CLANG_WARN_ENUM_CONVERSION = YES;
				CLANG_WARN_INFINITE_RECURSION = YES;
				CLANG_WARN_INT_CONVERSION = YES;
				CLANG_WARN_NON_LITERAL_NULL_CONVERSION = YES;
				CLANG_WARN_OBJC_IMPLICIT_RETAIN_SELF = YES;
				CLANG_WARN_OBJC_LITERAL_CONVERSION = YES;
				CLANG_WARN_OBJC_ROOT_CLASS = YES_ERROR;
				CLANG_WARN_QUOTED_INCLUDE_IN_FRAMEWORK_HEADER = YES;
				CLANG_WARN_RANGE_LOOP_ANALYSIS = YES;
				CLANG_WARN_STRICT_PROTOTYPES = YES;
				CLANG_WARN_SUSPICIOUS_MOVE = YES;
				CLANG_WARN_UNGUARDED_AVAILABILITY = YES_AGGRESSIVE;
				CLANG_WARN_UNREACHABLE_CODE = YES;
				CLANG_WARN__DUPLICATE_METHOD_MATCH = YES;
				COPY_PHASE_STRIP = NO;
				DEBUG_INFORMATION_FORMAT = "dwarf-with-dsym";
				ENABLE_NS_ASSERTIONS = NO;
				ENABLE_STRICT_OBJC_MSGSEND = YES;
				GCC_C_LANGUAGE_STANDARD = gnu11;
				GCC_NO_COMMON_BLOCKS = YES;
				GCC_WARN_64_TO_32_BIT_CONVERSION = YES;
				GCC_WARN_ABOUT_RETURN_TYPE = YES_ERROR;
				GCC_WARN_UNDECLARED_SELECTOR = YES;
				GCC_WARN_UNINITIALIZED_AUTOS = YES_AGGRESSIVE;
				GCC_WARN_UNUSED_FUNCTION = YES;
				GCC_WARN_UNUSED_VARIABLE = YES;
				IPHONEOS_DEPLOYMENT_TARGET = 16.1;
				MTL_ENABLE_DEBUG_INFO = NO;
				MTL_FAST_MATH = YES;
				SDKROOT = iphoneos;
				SWIFT_COMPILATION_MODE = wholemodule;
				SWIFT_OPTIMIZATION_LEVEL = "-O";
				VALIDATE_PRODUCT = YES;
			};
			name = Release;
		};
		B82FCA042935FEB000997CE4 /* Debug */ = {
			isa = XCBuildConfiguration;
			buildSettings = {
				ASSETCATALOG_COMPILER_APPICON_NAME = AppIcon;
				ASSETCATALOG_COMPILER_GLOBAL_ACCENT_COLOR_NAME = AccentColor;
				CODE_SIGN_STYLE = Automatic;
				CURRENT_PROJECT_VERSION = 1;
				DEVELOPMENT_ASSET_PATHS = "\"ASO Suite (iOS)/Preview Content\"";
				DEVELOPMENT_TEAM = 859T27DB4J;
				ENABLE_PREVIEWS = YES;
				GENERATE_INFOPLIST_FILE = YES;
				INFOPLIST_KEY_UIApplicationSceneManifest_Generation = YES;
				INFOPLIST_KEY_UIApplicationSupportsIndirectInputEvents = YES;
				INFOPLIST_KEY_UILaunchScreen_Generation = YES;
				INFOPLIST_KEY_UISupportedInterfaceOrientations_iPad = "UIInterfaceOrientationPortrait UIInterfaceOrientationPortraitUpsideDown UIInterfaceOrientationLandscapeLeft UIInterfaceOrientationLandscapeRight";
				INFOPLIST_KEY_UISupportedInterfaceOrientations_iPhone = "UIInterfaceOrientationPortrait UIInterfaceOrientationLandscapeLeft UIInterfaceOrientationLandscapeRight";
				IPHONEOS_DEPLOYMENT_TARGET = 16.0;
				LD_RUNPATH_SEARCH_PATHS = (
					"$(inherited)",
					"@executable_path/Frameworks",
				);
				MARKETING_VERSION = 0.1;
				PRODUCT_BUNDLE_IDENTIFIER = com.asosuite.ios;
				PRODUCT_NAME = "ASO Suite";
				SWIFT_EMIT_LOC_STRINGS = YES;
				SWIFT_VERSION = 5.0;
				TARGETED_DEVICE_FAMILY = "1,2";
			};
			name = Debug;
		};
		B82FCA052935FEB000997CE4 /* Release */ = {
			isa = XCBuildConfiguration;
			buildSettings = {
				ASSETCATALOG_COMPILER_APPICON_NAME = AppIcon;
				ASSETCATALOG_COMPILER_GLOBAL_ACCENT_COLOR_NAME = AccentColor;
				CODE_SIGN_STYLE = Automatic;
				CURRENT_PROJECT_VERSION = 1;
				DEVELOPMENT_ASSET_PATHS = "\"ASO Suite (iOS)/Preview Content\"";
				DEVELOPMENT_TEAM = 859T27DB4J;
				ENABLE_PREVIEWS = YES;
				GENERATE_INFOPLIST_FILE = YES;
				INFOPLIST_KEY_UIApplicationSceneManifest_Generation = YES;
				INFOPLIST_KEY_UIApplicationSupportsIndirectInputEvents = YES;
				INFOPLIST_KEY_UILaunchScreen_Generation = YES;
				INFOPLIST_KEY_UISupportedInterfaceOrientations_iPad = "UIInterfaceOrientationPortrait UIInterfaceOrientationPortraitUpsideDown UIInterfaceOrientationLandscapeLeft UIInterfaceOrientationLandscapeRight";
				INFOPLIST_KEY_UISupportedInterfaceOrientations_iPhone = "UIInterfaceOrientationPortrait UIInterfaceOrientationLandscapeLeft UIInterfaceOrientationLandscapeRight";
				IPHONEOS_DEPLOYMENT_TARGET = 16.0;
				LD_RUNPATH_SEARCH_PATHS = (
					"$(inherited)",
					"@executable_path/Frameworks",
				);
				MARKETING_VERSION = 0.1;
				PRODUCT_BUNDLE_IDENTIFIER = com.asosuite.ios;
				PRODUCT_NAME = "ASO Suite";
				SWIFT_EMIT_LOC_STRINGS = YES;
				SWIFT_VERSION = 5.0;
				TARGETED_DEVICE_FAMILY = "1,2";
			};
			name = Release;
		};
/* End XCBuildConfiguration section */

/* Begin XCConfigurationList section */
		B82FC9F02935FEAD00997CE4 /* Build configuration list for PBXProject "ASO Suite (iOS)" */ = {
			isa = XCConfigurationList;
			buildConfigurations = (
				B82FCA012935FEB000997CE4 /* Debug */,
				B82FCA022935FEB000997CE4 /* Release */,
			);
			defaultConfigurationIsVisible = 0;
			defaultConfigurationName = Release;
		};
		B82FCA032935FEB000997CE4 /* Build configuration list for PBXNativeTarget "ASO Suite (iOS)" */ = {
			isa = XCConfigurationList;
			buildConfigurations = (
				B82FCA042935FEB000997CE4 /* Debug */,
				B82FCA052935FEB000997CE4 /* Release */,
			);
			defaultConfigurationIsVisible = 0;
			defaultConfigurationName = Release;
		};
/* End XCConfigurationList section */

/* Begin XCSwiftPackageProductDependency section */
		B8D9E72C2936519B00334663 /* ASOSuiteShared */ = {
			isa = XCSwiftPackageProductDependency;
			productName = ASOSuiteShared;
		};
/* End XCSwiftPackageProductDependency section */
	};
	rootObject = B82FC9ED2935FEAD00997CE4 /* Project object */;
}
